
Microsoft Visual Studio Solution File, Format Version 12.00
# Visual Studio Version 16
VisualStudioVersion = 16.0.31410.357
MinimumVisualStudioVersion = 10.0.40219.1
Project("{2150E333-8FDC-42A3-9474-1A3956D46DE8}") = "src", "src", "{32358212-3F22-41D0-8F8C-34F64A3EF231}"
EndProject
Project("{2150E333-8FDC-42A3-9474-1A3956D46DE8}") = "services", "services", "{DADD4E74-7B4B-477A-87E9-83DA653EDDAD}"
EndProject
Project("{2150E333-8FDC-42A3-9474-1A3956D46DE8}") = "web", "web", "{1388F3D8-2A05-40BA-92E9-10CE05D1035E}"
EndProject
Project("{9A19103F-16F7-4668-BE54-9A1E7A4F7556}") = "EventsAPI", "EventsAPI\EventsAPI.csproj", "{5AACAA5F-C4B8-4AAD-AC77-65812BBF8190}"
EndProject
Project("{E53339B2-1760-4266-BCC7-CA923CBCF16C}") = "docker-compose", "docker-compose.dcproj", "{2DB9A6B2-49BD-45EA-A2AB-39EE6E5B16E8}"
EndProject
Project("{9A19103F-16F7-4668-BE54-9A1E7A4F7556}") = "WebMvc", "WebMvc\WebMvc.csproj", "{18B6D570-6DCD-4717-A373-A8E6AC592165}"
EndProject
Project("{9A19103F-16F7-4668-BE54-9A1E7A4F7556}") = "TokenServiceApi", "TokenServiceApi\TokenServiceApi.csproj", "{0066B981-74AF-46B2-9F6D-5354A8EBAEF4}"
EndProject
Global
	GlobalSection(SolutionConfigurationPlatforms) = preSolution
		Debug|Any CPU = Debug|Any CPU
		Release|Any CPU = Release|Any CPU
	EndGlobalSection
	GlobalSection(ProjectConfigurationPlatforms) = postSolution
		{5AACAA5F-C4B8-4AAD-AC77-65812BBF8190}.Debug|Any CPU.ActiveCfg = Debug|Any CPU
		{5AACAA5F-C4B8-4AAD-AC77-65812BBF8190}.Debug|Any CPU.Build.0 = Debug|Any CPU
		{5AACAA5F-C4B8-4AAD-AC77-65812BBF8190}.Release|Any CPU.ActiveCfg = Release|Any CPU
		{5AACAA5F-C4B8-4AAD-AC77-65812BBF8190}.Release|Any CPU.Build.0 = Release|Any CPU
		{2DB9A6B2-49BD-45EA-A2AB-39EE6E5B16E8}.Debug|Any CPU.ActiveCfg = Debug|Any CPU
		{2DB9A6B2-49BD-45EA-A2AB-39EE6E5B16E8}.Debug|Any CPU.Build.0 = Debug|Any CPU
		{2DB9A6B2-49BD-45EA-A2AB-39EE6E5B16E8}.Release|Any CPU.ActiveCfg = Release|Any CPU
		{2DB9A6B2-49BD-45EA-A2AB-39EE6E5B16E8}.Release|Any CPU.Build.0 = Release|Any CPU
		{18B6D570-6DCD-4717-A373-A8E6AC592165}.Debug|Any CPU.ActiveCfg = Debug|Any CPU
		{18B6D570-6DCD-4717-A373-A8E6AC592165}.Debug|Any CPU.Build.0 = Debug|Any CPU
		{18B6D570-6DCD-4717-A373-A8E6AC592165}.Release|Any CPU.ActiveCfg = Release|Any CPU
		{18B6D570-6DCD-4717-A373-A8E6AC592165}.Release|Any CPU.Build.0 = Release|Any CPU
		{0066B981-74AF-46B2-9F6D-5354A8EBAEF4}.Debug|Any CPU.ActiveCfg = Debug|Any CPU
		{0066B981-74AF-46B2-9F6D-5354A8EBAEF4}.Debug|Any CPU.Build.0 = Debug|Any CPU
		{0066B981-74AF-46B2-9F6D-5354A8EBAEF4}.Release|Any CPU.ActiveCfg = Release|Any CPU
		{0066B981-74AF-46B2-9F6D-5354A8EBAEF4}.Release|Any CPU.Build.0 = Release|Any CPU
	EndGlobalSection
	GlobalSection(SolutionProperties) = preSolution
		HideSolutionNode = FALSE
	EndGlobalSection
	GlobalSection(NestedProjects) = preSolution
		{DADD4E74-7B4B-477A-87E9-83DA653EDDAD} = {32358212-3F22-41D0-8F8C-34F64A3EF231}
		{1388F3D8-2A05-40BA-92E9-10CE05D1035E} = {32358212-3F22-41D0-8F8C-34F64A3EF231}
		{5AACAA5F-C4B8-4AAD-AC77-65812BBF8190} = {DADD4E74-7B4B-477A-87E9-83DA653EDDAD}
		{18B6D570-6DCD-4717-A373-A8E6AC592165} = {1388F3D8-2A05-40BA-92E9-10CE05D1035E}
		{0066B981-74AF-46B2-9F6D-5354A8EBAEF4} = {DADD4E74-7B4B-477A-87E9-83DA653EDDAD}
	EndGlobalSection
	GlobalSection(ExtensibilityGlobals) = postSolution
		SolutionGuid = {619F8DC9-2BC1-415F-B19F-7E225D64D8B0}
	EndGlobalSection
EndGlobal
